
Microsoft Visual Studio Solution File, Format Version 12.00
# Visual Studio Version 16
VisualStudioVersion = 16.0.810.16
MinimumVisualStudioVersion = 10.0.40219.1
Project("{FAE04EC0-301F-11D3-BF4B-00C04F79EFBC}") = "BlazorMatchGame", "BlazorMatchGame\BlazorMatchGame.csproj", "{C137D08F-00F0-434D-80B1-9D88C4E9AB47}"
EndProject
Global
	GlobalSection(SolutionConfigurationPlatforms) = preSolution
		Debug|Any CPU = Debug|Any CPU
		Release|Any CPU = Release|Any CPU
	EndGlobalSection
	GlobalSection(ProjectConfigurationPlatforms) = postSolution
		{C137D08F-00F0-434D-80B1-9D88C4E9AB47}.Debug|Any CPU.ActiveCfg = Debug|Any CPU
		{C137D08F-00F0-434D-80B1-9D88C4E9AB47}.Debug|Any CPU.Build.0 = Debug|Any CPU
		{C137D08F-00F0-434D-80B1-9D88C4E9AB47}.Release|Any CPU.ActiveCfg = Release|Any CPU
		{C137D08F-00F0-434D-80B1-9D88C4E9AB47}.Release|Any CPU.Build.0 = Release|Any CPU
	EndGlobalSection
	GlobalSection(SolutionProperties) = preSolution
		HideSolutionNode = FALSE
	EndGlobalSection
	GlobalSection(ExtensibilityGlobals) = postSolution
		SolutionGuid = {2494BC71-828D-4553-92DB-604D8E466EB9}
	EndGlobalSection
EndGlobal
